
Microsoft Visual Studio Solution File, Format Version 12.00
# Visual Studio Version 17
VisualStudioVersion = 17.7.34202.233
MinimumVisualStudioVersion = 10.0.40219.1
Project("{FAE04EC0-301F-11D3-BF4B-00C04F79EFBC}") = "eVinyls", "eVinyls\eVinyls.csproj", "{E815D83A-6A2F-4919-BCA3-1AF71CE21AF7}"
EndProject
Global
	GlobalSection(SolutionConfigurationPlatforms) = preSolution
		Debug|Any CPU = Debug|Any CPU
		Release|Any CPU = Release|Any CPU
	EndGlobalSection
	GlobalSection(ProjectConfigurationPlatforms) = postSolution
		{E815D83A-6A2F-4919-BCA3-1AF71CE21AF7}.Debug|Any CPU.ActiveCfg = Debug|Any CPU
		{E815D83A-6A2F-4919-BCA3-1AF71CE21AF7}.Debug|Any CPU.Build.0 = Debug|Any CPU
		{E815D83A-6A2F-4919-BCA3-1AF71CE21AF7}.Release|Any CPU.ActiveCfg = Release|Any CPU
		{E815D83A-6A2F-4919-BCA3-1AF71CE21AF7}.Release|Any CPU.Build.0 = Release|Any CPU
	EndGlobalSection
	GlobalSection(SolutionProperties) = preSolution
		HideSolutionNode = FALSE
	EndGlobalSection
	GlobalSection(ExtensibilityGlobals) = postSolution
		SolutionGuid = {3BE4BF82-11A7-4BB4-AFD7-8B818181FA0E}
	EndGlobalSection
EndGlobal
